Microsoft Visual Studio Solution File, Format Version 11.00
# Visual Studio 2008

Project("{774E6223-5BF7-29CE-4465-DC5F71FF2E80}") = "Fantasy Gui Pack", "Assembly-CSharp.csproj", "{F69985D6-9F54-9DDA-B3EF-98276FA00062}"
EndProject
Global
	GlobalSection(SolutionConfigurationPlatforms) = preSolution
		Debug|Any CPU = Debug|Any CPU
		Release|Any CPU = Release|Any CPU
	EndGlobalSection
	GlobalSection(ProjectConfigurationPlatforms) = postSolution
		{F69985D6-9F54-9DDA-B3EF-98276FA00062}.Debug|Any CPU.ActiveCfg = Debug|Any CPU
		{F69985D6-9F54-9DDA-B3EF-98276FA00062}.Debug|Any CPU.Build.0 = Debug|Any CPU
		{F69985D6-9F54-9DDA-B3EF-98276FA00062}.Release|Any CPU.ActiveCfg = Release|Any CPU
		{F69985D6-9F54-9DDA-B3EF-98276FA00062}.Release|Any CPU.Build.0 = Release|Any CPU
	EndGlobalSection
	GlobalSection(SolutionProperties) = preSolution
		HideSolutionNode = FALSE
	EndGlobalSection
	GlobalSection(MonoDevelopProperties) = preSolution
		StartupItem = Assembly-CSharp.csproj
	EndGlobalSection
EndGlobal
